<?xml version="1.0" encoding="utf-8"?>
<Project ToolsVersion="4.0" xmlns="http://schemas.microsoft.com/developer/msbuild/2003">
  <ItemGroup>
    <ClInclude Include="game.h" />
    <ClInclude Include="card.h" />
    <ClInclude Include="player.h" />
    <ClInclude Include="playerHuman.h" />
    <ClInclude Include="playerDerp.h" />
    <ClInclude Include="gameState.h" />
    <ClInclude Include="tools.h" />
    <ClInclude Include="cardSet.h" />
    <ClInclude Include="rules.h" />
    <ClInclude Include="resources.h" />
    <ClInclude Include="UserInterface.h" />
    <ClInclude Include="gameBoard.h" />
    <ClInclude Include="playerStatus.h" />
    <ClInclude Include="splashScreen.h" />
    <ClInclude Include="stdsfml.h" />
    <ClInclude Include="mainMenu.h" />
    <ClInclude Include="visibleGameObject.h" />
    <ClInclude Include="gameObjectManager.h" />
    <ClInclude Include="gameInterface.h" />
  </ItemGroup>
  <ItemGroup>
    <ClCompile Include="main.cpp" />
    <ClCompile Include="Game.cpp" />
    <ClCompile Include="tools.cpp" />
    <ClCompile Include="playerDerp.cpp" />
    <ClCompile Include="playerHuman.cpp" />
    <ClCompile Include="player.cpp" />
    <ClCompile Include="cardSet.cpp" />
    <ClCompile Include="gameState.cpp" />
    <ClCompile Include="rules.cpp" />
    <ClCompile Include="gameBoard.cpp" />
    <ClCompile Include="playerStatus.cpp" />
    <ClCompile Include="splashScreen.cpp" />
    <ClCompile Include="mainMenu.cpp" />
    <ClCompile Include="visibleGameObject.cpp" />
    <ClCompile Include="gameObjectManager.cpp" />
  </ItemGroup>
</Project>